# This file was autogenerated by Stack.
# You should not edit this file by hand.
# For more information, please see the documentation at:
#   https://docs.haskellstack.org/en/stable/lock_files

packages:
- completed:
    hackage: encoding-0.8.9@sha256:9a6c6d16f8d92e2fc379427a47831488aba03bb6f50d6fce3cf204775b41acd6,5362
    pantry-tree:
      sha256: 8e7d82f65affaa39268d6c8020bce6d392eecd444f48bffb2be6d8d2df5ec329
      size: 5454
  original:
    hackage: encoding-0.8.9
- completed:
    hackage: regex-compat-0.95.2.1@sha256:96c83b06280ebfb6fef01864b2af9eb9e136a9832c563773f327d4197bbbb851,1705
    pantry-tree:
      sha256: 3e65e1219ca48e8988b93151ef6d3d705f57ae65f1ba91e8e8b626c2eaa6b43f
      size: 262
  original:
    hackage: regex-compat-0.95.2.1
snapshots:
- completed:
    sha256: a81fb3877c4f9031e1325eb3935122e608d80715dc16b586eb11ddbff8671ecd
    size: 640086
    url: https://raw.githubusercontent.com/commercialhaskell/stackage-snapshots/master/lts/21/25.yaml
  original: lts-21.25
